<?xml version="1.0" encoding="utf-8"?>
<Project ToolsVersion="4.0" xmlns="http://schemas.microsoft.com/developer/msbuild/2003">
  <ItemGroup>
    <Filter Include="Source Files">
      <UniqueIdentifier>{4FC737F1-C7A5-4376-A066-2A32D752A2FF}</UniqueIdentifier>
      <Extensions>cpp;c;cc;cxx;c++;def;odl;idl;hpj;bat;asm;asmx</Extensions>
    </Filter>
    <Filter Include="Header Files">
      <UniqueIdentifier>{93995380-89BD-4b04-88EB-625FBE52EBFB}</UniqueIdentifier>
      <Extensions>h;hh;hpp;hxx;h++;hm;inl;inc;ipp;xsd</Extensions>
    </Filter>
    <Filter Include="Resource Files">
      <UniqueIdentifier>{67DA6AB6-F800-4c08-8B7A-83BB121AAD01}</UniqueIdentifier>
      <Extensions>rc;ico;cur;bmp;dlg;rc2;rct;bin;rgs;gif;jpg;jpeg;jpe;resx;tiff;tif;png;wav;mfcribbon-ms</Extensions>
    </Filter>
    <Filter Include="Header Files\GameScenes">
      <UniqueIdentifier>{b3b8690b-deaf-4764-a9d5-3b222550116b}</UniqueIdentifier>
    </Filter>
    <Filter Include="Source Files\GameScenes">
      <UniqueIdentifier>{fd1676fd-d984-4c6c-a36b-2ed43b45b198}</UniqueIdentifier>
    </Filter>
    <Filter Include="Header Files\GameStates">
      <UniqueIdentifier>{3a5c84c9-e9ed-4450-9421-86f3563be2e2}</UniqueIdentifier>
    </Filter>
    <Filter Include="Source Files\GameStates">
      <UniqueIdentifier>{942bda15-bb54-45d2-ab0d-9a355aee64ff}</UniqueIdentifier>
    </Filter>
    <Filter Include="Header Files\Player">
      <UniqueIdentifier>{dac85145-1ff0-4f06-bd3f-ad31551671f8}</UniqueIdentifier>
    </Filter>
    <Filter Include="Header Files\Player\PlayerStates">
      <UniqueIdentifier>{f6ac1d5a-e361-483a-a1df-0fd21c75d2ff}</UniqueIdentifier>
    </Filter>
    <Filter Include="Source Files\Player">
      <UniqueIdentifier>{bd049e28-26fc-4d79-ab70-b83364d16256}</UniqueIdentifier>
    </Filter>
    <Filter Include="Source Files\Player\PlayerStates">
      <UniqueIdentifier>{f7dd4ce4-8568-46cf-9dcb-db37911a236b}</UniqueIdentifier>
    </Filter>
    <Filter Include="Header Files\Enemy">
      <UniqueIdentifier>{2d27b55a-2314-4dad-b58c-4edd1f5eab7b}</UniqueIdentifier>
    </Filter>
    <Filter Include="Source Files\Enemy">
      <UniqueIdentifier>{5acb8772-bbbd-4f37-8f89-d444a813d53a}</UniqueIdentifier>
    </Filter>
    <Filter Include="Header Files\Enemy\EnemyStates">
      <UniqueIdentifier>{b7aca940-6a13-44ab-ad7f-f94fc47b0f20}</UniqueIdentifier>
    </Filter>
    <Filter Include="Source Files\Enemy\EnemyStates">
      <UniqueIdentifier>{9d8f2c63-9716-42ae-acfe-13f16e78b0ec}</UniqueIdentifier>
    </Filter>
    <Filter Include="Header Files\GameStates\LevelStates">
      <UniqueIdentifier>{a142c244-18ed-4b6c-90e9-fb361a215446}</UniqueIdentifier>
    </Filter>
    <Filter Include="Source Files\GameStates\LevelStates">
      <UniqueIdentifier>{0812045f-448c-413e-84e0-15b8956646b9}</UniqueIdentifier>
    </Filter>
    <Filter Include="Source Files\GameStates\MainMenuStates">
      <UniqueIdentifier>{a0b0ddde-0c8a-42ab-bb6f-9b0ce0b92204}</UniqueIdentifier>
    </Filter>
    <Filter Include="Header Files\GameStates\MainMenuStates">
      <UniqueIdentifier>{90193db1-d9a3-4984-8265-20ac36553711}</UniqueIdentifier>
    </Filter>
  </ItemGroup>
  <ItemGroup>
    <ClCompile Include="Main.cpp">
      <Filter>Source Files</Filter>
    </ClCompile>
    <ClCompile Include="Animation.cpp">
      <Filter>Source Files</Filter>
    </ClCompile>
    <ClCompile Include="GameObject.cpp">
      <Filter>Source Files</Filter>
    </ClCompile>
    <ClCompile Include="Physics.cpp">
      <Filter>Source Files</Filter>
    </ClCompile>
    <ClCompile Include="Game.cpp">
      <Filter>Source Files</Filter>
    </ClCompile>
    <ClCompile Include="Scene.cpp">
      <Filter>Source Files</Filter>
    </ClCompile>
    <ClCompile Include="MainMenu.cpp">
      <Filter>Source Files\GameScenes</Filter>
    </ClCompile>
    <ClCompile Include="Level.cpp">
      <Filter>Source Files\GameScenes</Filter>
    </ClCompile>
    <ClCompile Include="SplashScreen.cpp">
      <Filter>Source Files\GameScenes</Filter>
    </ClCompile>
    <ClCompile Include="Player.cpp">
      <Filter>Source Files\Player</Filter>
    </ClCompile>
    <ClCompile Include="Enemy.cpp">
      <Filter>Source Files\Enemy</Filter>
    </ClCompile>
    <ClCompile Include="player.State.cpp">
      <Filter>Source Files\Player\PlayerStates</Filter>
    </ClCompile>
    <ClCompile Include="player.FlyLeftState.cpp">
      <Filter>Source Files\Player\PlayerStates</Filter>
    </ClCompile>
    <ClCompile Include="player.FlyRightState.cpp">
      <Filter>Source Files\Player\PlayerStates</Filter>
    </ClCompile>
    <ClCompile Include="player.GoLeftState.cpp">
      <Filter>Source Files\Player\PlayerStates</Filter>
    </ClCompile>
    <ClCompile Include="player.GoRightState.cpp">
      <Filter>Source Files\Player\PlayerStates</Filter>
    </ClCompile>
    <ClCompile Include="player.IdleLefftState.cpp">
      <Filter>Source Files\Player\PlayerStates</Filter>
    </ClCompile>
    <ClCompile Include="player.IdleRightState.cpp">
      <Filter>Source Files\Player\PlayerStates</Filter>
    </ClCompile>
    <ClCompile Include="player.StateMachine.cpp">
      <Filter>Source Files\Player</Filter>
    </ClCompile>
    <ClCompile Include="AI.State.cpp">
      <Filter>Source Files\Enemy\EnemyStates</Filter>
    </ClCompile>
    <ClCompile Include="AI.FlyLeftState.cpp">
      <Filter>Source Files\Enemy\EnemyStates</Filter>
    </ClCompile>
    <ClCompile Include="AI.FlyRightState.cpp">
      <Filter>Source Files\Enemy\EnemyStates</Filter>
    </ClCompile>
    <ClCompile Include="AI.GoLeftState.cpp">
      <Filter>Source Files\Enemy\EnemyStates</Filter>
    </ClCompile>
    <ClCompile Include="AI.GoRightState.cpp">
      <Filter>Source Files\Enemy\EnemyStates</Filter>
    </ClCompile>
    <ClCompile Include="AI.IdleLeftState.cpp">
      <Filter>Source Files\Enemy\EnemyStates</Filter>
    </ClCompile>
    <ClCompile Include="AI.IdleRightState.cpp">
      <Filter>Source Files\Enemy\EnemyStates</Filter>
    </ClCompile>
    <ClCompile Include="AI.StateMachine.cpp">
      <Filter>Source Files\Enemy</Filter>
    </ClCompile>
    <ClCompile Include="player.SpawnState.cpp">
      <Filter>Source Files\Player\PlayerStates</Filter>
    </ClCompile>
    <ClCompile Include="player.DeathState.cpp">
      <Filter>Source Files\Player\PlayerStates</Filter>
    </ClCompile>
    <ClCompile Include="level.State.cpp">
      <Filter>Source Files\GameStates\LevelStates</Filter>
    </ClCompile>
    <ClCompile Include="level.GameState.cpp">
      <Filter>Source Files\GameStates\LevelStates</Filter>
    </ClCompile>
    <ClCompile Include="level.PauseState.cpp">
      <Filter>Source Files\GameStates\LevelStates</Filter>
    </ClCompile>
    <ClCompile Include="level.StateMachine.cpp">
      <Filter>Source Files\GameStates\LevelStates</Filter>
    </ClCompile>
    <ClCompile Include="mainMenu.MenuState.cpp">
      <Filter>Source Files\GameStates\MainMenuStates</Filter>
    </ClCompile>
    <ClCompile Include="mainMenu.State.cpp">
      <Filter>Source Files\GameStates\MainMenuStates</Filter>
    </ClCompile>
    <ClCompile Include="mainMenu.LoadLevelState.cpp">
      <Filter>Source Files\GameStates\MainMenuStates</Filter>
    </ClCompile>
    <ClCompile Include="mainMenu.ExitState.cpp">
      <Filter>Source Files\GameStates\MainMenuStates</Filter>
    </ClCompile>
    <ClCompile Include="mainMenu.StateMachine.cpp">
      <Filter>Source Files\GameStates\MainMenuStates</Filter>
    </ClCompile>
    <ClCompile Include="level.ExitState.cpp">
      <Filter>Source Files\GameStates\LevelStates</Filter>
    </ClCompile>
  </ItemGroup>
  <ItemGroup>
    <ClInclude Include="Animation.h">
      <Filter>Header Files</Filter>
    </ClInclude>
    <ClInclude Include="GameObject.h">
      <Filter>Header Files</Filter>
    </ClInclude>
    <ClInclude Include="defs.h">
      <Filter>Header Files</Filter>
    </ClInclude>
    <ClInclude Include="Physics.h">
      <Filter>Header Files</Filter>
    </ClInclude>
    <ClInclude Include="Game.h">
      <Filter>Header Files</Filter>
    </ClInclude>
    <ClInclude Include="Scene.h">
      <Filter>Header Files</Filter>
    </ClInclude>
    <ClInclude Include="MainMenu.h">
      <Filter>Header Files\GameScenes</Filter>
    </ClInclude>
    <ClInclude Include="Level.h">
      <Filter>Header Files\GameScenes</Filter>
    </ClInclude>
    <ClInclude Include="SplashScreen.h">
      <Filter>Header Files\GameScenes</Filter>
    </ClInclude>
    <ClInclude Include="Player.h">
      <Filter>Header Files\Player</Filter>
    </ClInclude>
    <ClInclude Include="Enemy.h">
      <Filter>Header Files\Enemy</Filter>
    </ClInclude>
    <ClInclude Include="player.State.h">
      <Filter>Header Files\Player\PlayerStates</Filter>
    </ClInclude>
    <ClInclude Include="player.IdleRightState.h">
      <Filter>Header Files\Player\PlayerStates</Filter>
    </ClInclude>
    <ClInclude Include="player.IdleLeftState.h">
      <Filter>Header Files\Player\PlayerStates</Filter>
    </ClInclude>
    <ClInclude Include="player.GoRightState.h">
      <Filter>Header Files\Player\PlayerStates</Filter>
    </ClInclude>
    <ClInclude Include="player.GoLeftState.h">
      <Filter>Header Files\Player\PlayerStates</Filter>
    </ClInclude>
    <ClInclude Include="player.FlyRightState.h">
      <Filter>Header Files\Player\PlayerStates</Filter>
    </ClInclude>
    <ClInclude Include="player.FlyLeftState.h">
      <Filter>Header Files\Player\PlayerStates</Filter>
    </ClInclude>
    <ClInclude Include="player.StateMachine.h">
      <Filter>Header Files\Player</Filter>
    </ClInclude>
    <ClInclude Include="AI.State.h">
      <Filter>Header Files\Enemy\EnemyStates</Filter>
    </ClInclude>
    <ClInclude Include="AI.FlyLeftState.h">
      <Filter>Header Files\Enemy\EnemyStates</Filter>
    </ClInclude>
    <ClInclude Include="AI.FlyRightState.h">
      <Filter>Header Files\Enemy\EnemyStates</Filter>
    </ClInclude>
    <ClInclude Include="AI.GoLeftState.h">
      <Filter>Header Files\Enemy\EnemyStates</Filter>
    </ClInclude>
    <ClInclude Include="AI.GoRightState.h">
      <Filter>Header Files\Enemy\EnemyStates</Filter>
    </ClInclude>
    <ClInclude Include="AI.IdleLeftState.h">
      <Filter>Header Files\Enemy\EnemyStates</Filter>
    </ClInclude>
    <ClInclude Include="AI.IdleRightState.h">
      <Filter>Header Files\Enemy\EnemyStates</Filter>
    </ClInclude>
    <ClInclude Include="AI.StateMachine.h">
      <Filter>Header Files\Enemy</Filter>
    </ClInclude>
    <ClInclude Include="player.SpawnState.h">
      <Filter>Header Files\Player\PlayerStates</Filter>
    </ClInclude>
    <ClInclude Include="player.DeathState.h">
      <Filter>Header Files\Player\PlayerStates</Filter>
    </ClInclude>
    <ClInclude Include="level.State.h">
      <Filter>Header Files\GameStates\LevelStates</Filter>
    </ClInclude>
    <ClInclude Include="level.GameState.h">
      <Filter>Header Files\GameStates\LevelStates</Filter>
    </ClInclude>
    <ClInclude Include="level.PauseState.h">
      <Filter>Header Files\GameStates\LevelStates</Filter>
    </ClInclude>
    <ClInclude Include="level.StateMachine.h">
      <Filter>Header Files\GameStates\LevelStates</Filter>
    </ClInclude>
    <ClInclude Include="mainMenu.State.h">
      <Filter>Header Files\GameStates\MainMenuStates</Filter>
    </ClInclude>
    <ClInclude Include="mainMenu.MenuState.h">
      <Filter>Header Files\GameStates\MainMenuStates</Filter>
    </ClInclude>
    <ClInclude Include="mainMenu.LoadLevelState.h">
      <Filter>Header Files\GameStates\MainMenuStates</Filter>
    </ClInclude>
    <ClInclude Include="mainMenu.ExitState.h">
      <Filter>Header Files\GameStates\MainMenuStates</Filter>
    </ClInclude>
    <ClInclude Include="mainMenu.StateMachine.h">
      <Filter>Header Files\GameStates\MainMenuStates</Filter>
    </ClInclude>
    <ClInclude Include="level.ExitState.h">
      <Filter>Header Files\GameStates\LevelStates</Filter>
    </ClInclude>
    <ClInclude Include="player.IMoveble.h">
      <Filter>Header Files\Player</Filter>
    </ClInclude>
    <ClInclude Include="AI.IMoveble.h">
      <Filter>Header Files\Enemy</Filter>
    </ClInclude>
  </ItemGroup>
</Project>